
Microsoft Visual Studio Solution File, Format Version 12.00
# Visual Studio Version 17
VisualStudioVersion = 17.9.34622.214
MinimumVisualStudioVersion = 10.0.40219.1
Project("{9A19103F-16F7-4668-BE54-9A1E7A4F7556}") = "ConsoleApp.OutputDemo", "ConsoleApp.OutputDemo\ConsoleApp.OutputDemo.csproj", "{6F80ECBA-D932-46AB-A04E-C87C92562CBD}"
EndProject
Project("{9A19103F-16F7-4668-BE54-9A1E7A4F7556}") = "ConsoleApp.VariablesDemo", "ConsoleApp.VariablesDemo\ConsoleApp.VariablesDemo.csproj", "{3E0866D2-A2FF-4C0C-B38B-DACCF6845DF2}"
EndProject
Project("{9A19103F-16F7-4668-BE54-9A1E7A4F7556}") = "ConsoleApp.UserInputDemo", "ConsoleApp.UserInputDemo\ConsoleApp.UserInputDemo.csproj", "{B3565D72-AB34-4513-8562-D083B4BDFEE8}"
EndProject
Project("{9A19103F-16F7-4668-BE54-9A1E7A4F7556}") = "ConsoleApp.Operators", "ConsoleApp.Operators\ConsoleApp.Operators.csproj", "{59E0A48E-A95D-42BF-AD16-4E1E8D5BB238}"
EndProject
Project("{FAE04EC0-301F-11D3-BF4B-00C04F79EFBC}") = "ConsoleApp.ConditionsAndDecisions", "ConsoleApp.ConditionsAndDecisions\ConsoleApp.ConditionsAndDecisions.csproj", "{A009372B-273E-41C7-B38A-B0E6637B5652}"
EndProject
Global
	GlobalSection(SolutionConfigurationPlatforms) = preSolution
		Debug|Any CPU = Debug|Any CPU
		Release|Any CPU = Release|Any CPU
	EndGlobalSection
	GlobalSection(ProjectConfigurationPlatforms) = postSolution
		{6F80ECBA-D932-46AB-A04E-C87C92562CBD}.Debug|Any CPU.ActiveCfg = Debug|Any CPU
		{6F80ECBA-D932-46AB-A04E-C87C92562CBD}.Debug|Any CPU.Build.0 = Debug|Any CPU
		{6F80ECBA-D932-46AB-A04E-C87C92562CBD}.Release|Any CPU.ActiveCfg = Release|Any CPU
		{6F80ECBA-D932-46AB-A04E-C87C92562CBD}.Release|Any CPU.Build.0 = Release|Any CPU
		{3E0866D2-A2FF-4C0C-B38B-DACCF6845DF2}.Debug|Any CPU.ActiveCfg = Debug|Any CPU
		{3E0866D2-A2FF-4C0C-B38B-DACCF6845DF2}.Debug|Any CPU.Build.0 = Debug|Any CPU
		{3E0866D2-A2FF-4C0C-B38B-DACCF6845DF2}.Release|Any CPU.ActiveCfg = Release|Any CPU
		{3E0866D2-A2FF-4C0C-B38B-DACCF6845DF2}.Release|Any CPU.Build.0 = Release|Any CPU
		{B3565D72-AB34-4513-8562-D083B4BDFEE8}.Debug|Any CPU.ActiveCfg = Debug|Any CPU
		{B3565D72-AB34-4513-8562-D083B4BDFEE8}.Debug|Any CPU.Build.0 = Debug|Any CPU
		{B3565D72-AB34-4513-8562-D083B4BDFEE8}.Release|Any CPU.ActiveCfg = Release|Any CPU
		{B3565D72-AB34-4513-8562-D083B4BDFEE8}.Release|Any CPU.Build.0 = Release|Any CPU
		{59E0A48E-A95D-42BF-AD16-4E1E8D5BB238}.Debug|Any CPU.ActiveCfg = Debug|Any CPU
		{59E0A48E-A95D-42BF-AD16-4E1E8D5BB238}.Debug|Any CPU.Build.0 = Debug|Any CPU
		{59E0A48E-A95D-42BF-AD16-4E1E8D5BB238}.Release|Any CPU.ActiveCfg = Release|Any CPU
		{59E0A48E-A95D-42BF-AD16-4E1E8D5BB238}.Release|Any CPU.Build.0 = Release|Any CPU
		{A009372B-273E-41C7-B38A-B0E6637B5652}.Debug|Any CPU.ActiveCfg = Debug|Any CPU
		{A009372B-273E-41C7-B38A-B0E6637B5652}.Debug|Any CPU.Build.0 = Debug|Any CPU
		{A009372B-273E-41C7-B38A-B0E6637B5652}.Release|Any CPU.ActiveCfg = Release|Any CPU
		{A009372B-273E-41C7-B38A-B0E6637B5652}.Release|Any CPU.Build.0 = Release|Any CPU
	EndGlobalSection
	GlobalSection(SolutionProperties) = preSolution
		HideSolutionNode = FALSE
	EndGlobalSection
	GlobalSection(ExtensibilityGlobals) = postSolution
		SolutionGuid = {2A1905B1-E834-4014-AC22-87FDAFAEC6CC}
	EndGlobalSection
EndGlobal
