
Microsoft Visual Studio Solution File, Format Version 12.00
# Visual Studio Version 17
VisualStudioVersion = 17.9.34622.214
MinimumVisualStudioVersion = 10.0.40219.1
Project("{FAE04EC0-301F-11D3-BF4B-00C04F79EFBC}") = "ConsoleApp.OutputDemo", "ConsoleApp.OutputDemo\ConsoleApp.OutputDemo.csproj", "{6F80ECBA-D932-46AB-A04E-C87C92562CBD}"
EndProject
Project("{FAE04EC0-301F-11D3-BF4B-00C04F79EFBC}") = "ConsoleApp.VariablesDemo", "ConsoleApp.VariablesDemo\ConsoleApp.VariablesDemo.csproj", "{3E0866D2-A2FF-4C0C-B38B-DACCF6845DF2}"
EndProject
Global
	GlobalSection(SolutionConfigurationPlatforms) = preSolution
		Debug|Any CPU = Debug|Any CPU
		Release|Any CPU = Release|Any CPU
	EndGlobalSection
	GlobalSection(ProjectConfigurationPlatforms) = postSolution
		{6F80ECBA-D932-46AB-A04E-C87C92562CBD}.Debug|Any CPU.ActiveCfg = Debug|Any CPU
		{6F80ECBA-D932-46AB-A04E-C87C92562CBD}.Debug|Any CPU.Build.0 = Debug|Any CPU
		{6F80ECBA-D932-46AB-A04E-C87C92562CBD}.Release|Any CPU.ActiveCfg = Release|Any CPU
		{6F80ECBA-D932-46AB-A04E-C87C92562CBD}.Release|Any CPU.Build.0 = Release|Any CPU
		{3E0866D2-A2FF-4C0C-B38B-DACCF6845DF2}.Debug|Any CPU.ActiveCfg = Debug|Any CPU
		{3E0866D2-A2FF-4C0C-B38B-DACCF6845DF2}.Debug|Any CPU.Build.0 = Debug|Any CPU
		{3E0866D2-A2FF-4C0C-B38B-DACCF6845DF2}.Release|Any CPU.ActiveCfg = Release|Any CPU
		{3E0866D2-A2FF-4C0C-B38B-DACCF6845DF2}.Release|Any CPU.Build.0 = Release|Any CPU
	EndGlobalSection
	GlobalSection(SolutionProperties) = preSolution
		HideSolutionNode = FALSE
	EndGlobalSection
	GlobalSection(ExtensibilityGlobals) = postSolution
		SolutionGuid = {2A1905B1-E834-4014-AC22-87FDAFAEC6CC}
	EndGlobalSection
EndGlobal
